
Microsoft Visual Studio Solution File, Format Version 12.00
# Visual Studio Version 17
VisualStudioVersion = 17.0.31903.59
MinimumVisualStudioVersion = 10.0.40219.1
Project("{2150E333-8FDC-42A3-9474-1A3956D46DE8}") = "src", "src", "{827E0CD3-B72D-47B6-A68D-7590B98EB39B}"
EndProject
Project("{FAE04EC0-301F-11D3-BF4B-00C04F79EFBC}") = "UmbracoPrism.Core", "src\UmbracoPrism.Core\UmbracoPrism.Core.csproj", "{131A26C9-5267-4E3A-9E23-ABE695251C15}"
EndProject
Project("{FAE04EC0-301F-11D3-BF4B-00C04F79EFBC}") = "UmbracoPrism.TestSite", "src\UmbracoPrism.TestSite\UmbracoPrism.TestSite.csproj", "{17131F80-633E-4FF3-B848-AB127C386608}"
EndProject
Project("{FAE04EC0-301F-11D3-BF4B-00C04F79EFBC}") = "UmbracoPrism.MockBusinessApp", "src\UmbracoPrism.MockBusinessApp\UmbracoPrism.MockBusinessApp.csproj", "{287810E4-0C40-447F-BD77-18C5FA4B71B2}"
EndProject
Project("{FAE04EC0-301F-11D3-BF4B-00C04F79EFBC}") = "UmbracoPrism.Core.Tests", "src\UmbracoPrism.Core.Tests\UmbracoPrism.Core.Tests.csproj", "{D12A6623-457A-4BC5-AD9E-602C8DB78D21}"
EndProject
Project("{FAE04EC0-301F-11D3-BF4B-00C04F79EFBC}") = "UmbracoPrism.Shared", "src\UmbracoPrism.Shared\UmbracoPrism.Shared.csproj", "{F1BF998D-4C0A-4BFA-84B5-727AE0E35655}"
EndProject
Project("{FAE04EC0-301F-11D3-BF4B-00C04F79EFBC}") = "UmbracoPrism.ServiceDefaults", "src\UmbracoPrism.ServiceDefaults\UmbracoPrism.ServiceDefaults.csproj", "{5C15A872-213A-4CDB-B5D6-20B78CDB1675}"
EndProject
Project("{FAE04EC0-301F-11D3-BF4B-00C04F79EFBC}") = "UmbracoPrism.AppHost", "src\UmbracoPrism.AppHost\UmbracoPrism.AppHost.csproj", "{E15532A4-C44A-424F-B85D-EE957B648ED2}"
EndProject
Project("{FAE04EC0-301F-11D3-BF4B-00C04F79EFBC}") = "UmbracoPrism.KeycloakProxy", "src\UmbracoPrism.KeycloakProxy\UmbracoPrism.KeycloakProxy.csproj", "{6C8D7E44-BB7B-462D-AEA6-E0F0E9F838E9}"
EndProject
Project("{FAE04EC0-301F-11D3-BF4B-00C04F79EFBC}") = "UmbracoPrism.WorkflowEditor", "src\UmbracoPrism.WorkflowEditor\UmbracoPrism.WorkflowEditor.csproj", "{D927198A-179C-4F2A-ACC0-4746D3DCE043}"
EndProject
Project("{FAE04EC0-301F-11D3-BF4B-00C04F79EFBC}") = "UmbracoPrism.WorkflowRuntime", "src\UmbracoPrism.WorkflowRuntime\UmbracoPrism.WorkflowRuntime.csproj", "{129A5F87-526B-41B7-A144-16FC17A35CEE}"
EndProject
Global
	GlobalSection(SolutionConfigurationPlatforms) = preSolution
		Debug|Any CPU = Debug|Any CPU
		Debug|x64 = Debug|x64
		Debug|x86 = Debug|x86
		Release|Any CPU = Release|Any CPU
		Release|x64 = Release|x64
		Release|x86 = Release|x86
	EndGlobalSection
	GlobalSection(ProjectConfigurationPlatforms) = postSolution
		{131A26C9-5267-4E3A-9E23-ABE695251C15}.Debug|Any CPU.ActiveCfg = Debug|Any CPU
		{131A26C9-5267-4E3A-9E23-ABE695251C15}.Debug|Any CPU.Build.0 = Debug|Any CPU
		{131A26C9-5267-4E3A-9E23-ABE695251C15}.Debug|x64.ActiveCfg = Debug|Any CPU
		{131A26C9-5267-4E3A-9E23-ABE695251C15}.Debug|x64.Build.0 = Debug|Any CPU
		{131A26C9-5267-4E3A-9E23-ABE695251C15}.Debug|x86.ActiveCfg = Debug|Any CPU
		{131A26C9-5267-4E3A-9E23-ABE695251C15}.Debug|x86.Build.0 = Debug|Any CPU
		{131A26C9-5267-4E3A-9E23-ABE695251C15}.Release|Any CPU.ActiveCfg = Release|Any CPU
		{131A26C9-5267-4E3A-9E23-ABE695251C15}.Release|Any CPU.Build.0 = Release|Any CPU
		{131A26C9-5267-4E3A-9E23-ABE695251C15}.Release|x64.ActiveCfg = Release|Any CPU
		{131A26C9-5267-4E3A-9E23-ABE695251C15}.Release|x64.Build.0 = Release|Any CPU
		{131A26C9-5267-4E3A-9E23-ABE695251C15}.Release|x86.ActiveCfg = Release|Any CPU
		{131A26C9-5267-4E3A-9E23-ABE695251C15}.Release|x86.Build.0 = Release|Any CPU
		{17131F80-633E-4FF3-B848-AB127C386608}.Debug|Any CPU.ActiveCfg = Debug|Any CPU
		{17131F80-633E-4FF3-B848-AB127C386608}.Debug|Any CPU.Build.0 = Debug|Any CPU
		{17131F80-633E-4FF3-B848-AB127C386608}.Debug|x64.ActiveCfg = Debug|Any CPU
		{17131F80-633E-4FF3-B848-AB127C386608}.Debug|x64.Build.0 = Debug|Any CPU
		{17131F80-633E-4FF3-B848-AB127C386608}.Debug|x86.ActiveCfg = Debug|Any CPU
		{17131F80-633E-4FF3-B848-AB127C386608}.Debug|x86.Build.0 = Debug|Any CPU
		{17131F80-633E-4FF3-B848-AB127C386608}.Release|Any CPU.ActiveCfg = Release|Any CPU
		{17131F80-633E-4FF3-B848-AB127C386608}.Release|Any CPU.Build.0 = Release|Any CPU
		{17131F80-633E-4FF3-B848-AB127C386608}.Release|x64.ActiveCfg = Release|Any CPU
		{17131F80-633E-4FF3-B848-AB127C386608}.Release|x64.Build.0 = Release|Any CPU
		{17131F80-633E-4FF3-B848-AB127C386608}.Release|x86.ActiveCfg = Release|Any CPU
		{17131F80-633E-4FF3-B848-AB127C386608}.Release|x86.Build.0 = Release|Any CPU
		{287810E4-0C40-447F-BD77-18C5FA4B71B2}.Debug|Any CPU.ActiveCfg = Debug|Any CPU
		{287810E4-0C40-447F-BD77-18C5FA4B71B2}.Debug|Any CPU.Build.0 = Debug|Any CPU
		{287810E4-0C40-447F-BD77-18C5FA4B71B2}.Debug|x64.ActiveCfg = Debug|Any CPU
		{287810E4-0C40-447F-BD77-18C5FA4B71B2}.Debug|x64.Build.0 = Debug|Any CPU
		{287810E4-0C40-447F-BD77-18C5FA4B71B2}.Debug|x86.ActiveCfg = Debug|Any CPU
		{287810E4-0C40-447F-BD77-18C5FA4B71B2}.Debug|x86.Build.0 = Debug|Any CPU
		{287810E4-0C40-447F-BD77-18C5FA4B71B2}.Release|Any CPU.ActiveCfg = Release|Any CPU
		{287810E4-0C40-447F-BD77-18C5FA4B71B2}.Release|Any CPU.Build.0 = Release|Any CPU
		{287810E4-0C40-447F-BD77-18C5FA4B71B2}.Release|x64.ActiveCfg = Release|Any CPU
		{287810E4-0C40-447F-BD77-18C5FA4B71B2}.Release|x64.Build.0 = Release|Any CPU
		{287810E4-0C40-447F-BD77-18C5FA4B71B2}.Release|x86.ActiveCfg = Release|Any CPU
		{287810E4-0C40-447F-BD77-18C5FA4B71B2}.Release|x86.Build.0 = Release|Any CPU
		{D12A6623-457A-4BC5-AD9E-602C8DB78D21}.Debug|Any CPU.ActiveCfg = Debug|Any CPU
		{D12A6623-457A-4BC5-AD9E-602C8DB78D21}.Debug|Any CPU.Build.0 = Debug|Any CPU
		{D12A6623-457A-4BC5-AD9E-602C8DB78D21}.Debug|x64.ActiveCfg = Debug|Any CPU
		{D12A6623-457A-4BC5-AD9E-602C8DB78D21}.Debug|x64.Build.0 = Debug|Any CPU
		{D12A6623-457A-4BC5-AD9E-602C8DB78D21}.Debug|x86.ActiveCfg = Debug|Any CPU
		{D12A6623-457A-4BC5-AD9E-602C8DB78D21}.Debug|x86.Build.0 = Debug|Any CPU
		{D12A6623-457A-4BC5-AD9E-602C8DB78D21}.Release|Any CPU.ActiveCfg = Release|Any CPU
		{D12A6623-457A-4BC5-AD9E-602C8DB78D21}.Release|Any CPU.Build.0 = Release|Any CPU
		{D12A6623-457A-4BC5-AD9E-602C8DB78D21}.Release|x64.ActiveCfg = Release|Any CPU
		{D12A6623-457A-4BC5-AD9E-602C8DB78D21}.Release|x64.Build.0 = Release|Any CPU
		{D12A6623-457A-4BC5-AD9E-602C8DB78D21}.Release|x86.ActiveCfg = Release|Any CPU
		{D12A6623-457A-4BC5-AD9E-602C8DB78D21}.Release|x86.Build.0 = Release|Any CPU
		{F1BF998D-4C0A-4BFA-84B5-727AE0E35655}.Debug|Any CPU.ActiveCfg = Debug|Any CPU
		{F1BF998D-4C0A-4BFA-84B5-727AE0E35655}.Debug|Any CPU.Build.0 = Debug|Any CPU
		{F1BF998D-4C0A-4BFA-84B5-727AE0E35655}.Debug|x64.ActiveCfg = Debug|Any CPU
		{F1BF998D-4C0A-4BFA-84B5-727AE0E35655}.Debug|x64.Build.0 = Debug|Any CPU
		{F1BF998D-4C0A-4BFA-84B5-727AE0E35655}.Debug|x86.ActiveCfg = Debug|Any CPU
		{F1BF998D-4C0A-4BFA-84B5-727AE0E35655}.Debug|x86.Build.0 = Debug|Any CPU
		{F1BF998D-4C0A-4BFA-84B5-727AE0E35655}.Release|Any CPU.ActiveCfg = Release|Any CPU
		{F1BF998D-4C0A-4BFA-84B5-727AE0E35655}.Release|Any CPU.Build.0 = Release|Any CPU
		{F1BF998D-4C0A-4BFA-84B5-727AE0E35655}.Release|x64.ActiveCfg = Release|Any CPU
		{F1BF998D-4C0A-4BFA-84B5-727AE0E35655}.Release|x64.Build.0 = Release|Any CPU
		{F1BF998D-4C0A-4BFA-84B5-727AE0E35655}.Release|x86.ActiveCfg = Release|Any CPU
		{F1BF998D-4C0A-4BFA-84B5-727AE0E35655}.Release|x86.Build.0 = Release|Any CPU
		{5C15A872-213A-4CDB-B5D6-20B78CDB1675}.Debug|Any CPU.ActiveCfg = Debug|Any CPU
		{5C15A872-213A-4CDB-B5D6-20B78CDB1675}.Debug|Any CPU.Build.0 = Debug|Any CPU
		{5C15A872-213A-4CDB-B5D6-20B78CDB1675}.Debug|x64.ActiveCfg = Debug|Any CPU
		{5C15A872-213A-4CDB-B5D6-20B78CDB1675}.Debug|x64.Build.0 = Debug|Any CPU
		{5C15A872-213A-4CDB-B5D6-20B78CDB1675}.Debug|x86.ActiveCfg = Debug|Any CPU
		{5C15A872-213A-4CDB-B5D6-20B78CDB1675}.Debug|x86.Build.0 = Debug|Any CPU
		{5C15A872-213A-4CDB-B5D6-20B78CDB1675}.Release|Any CPU.ActiveCfg = Release|Any CPU
		{5C15A872-213A-4CDB-B5D6-20B78CDB1675}.Release|Any CPU.Build.0 = Release|Any CPU
		{5C15A872-213A-4CDB-B5D6-20B78CDB1675}.Release|x64.ActiveCfg = Release|Any CPU
		{5C15A872-213A-4CDB-B5D6-20B78CDB1675}.Release|x64.Build.0 = Release|Any CPU
		{5C15A872-213A-4CDB-B5D6-20B78CDB1675}.Release|x86.ActiveCfg = Release|Any CPU
		{5C15A872-213A-4CDB-B5D6-20B78CDB1675}.Release|x86.Build.0 = Release|Any CPU
		{E15532A4-C44A-424F-B85D-EE957B648ED2}.Debug|Any CPU.ActiveCfg = Debug|Any CPU
		{E15532A4-C44A-424F-B85D-EE957B648ED2}.Debug|Any CPU.Build.0 = Debug|Any CPU
		{E15532A4-C44A-424F-B85D-EE957B648ED2}.Debug|x64.ActiveCfg = Debug|Any CPU
		{E15532A4-C44A-424F-B85D-EE957B648ED2}.Debug|x64.Build.0 = Debug|Any CPU
		{E15532A4-C44A-424F-B85D-EE957B648ED2}.Debug|x86.ActiveCfg = Debug|Any CPU
		{E15532A4-C44A-424F-B85D-EE957B648ED2}.Debug|x86.Build.0 = Debug|Any CPU
		{E15532A4-C44A-424F-B85D-EE957B648ED2}.Release|Any CPU.ActiveCfg = Release|Any CPU
		{E15532A4-C44A-424F-B85D-EE957B648ED2}.Release|Any CPU.Build.0 = Release|Any CPU
		{E15532A4-C44A-424F-B85D-EE957B648ED2}.Release|x64.ActiveCfg = Release|Any CPU
		{E15532A4-C44A-424F-B85D-EE957B648ED2}.Release|x64.Build.0 = Release|Any CPU
		{E15532A4-C44A-424F-B85D-EE957B648ED2}.Release|x86.ActiveCfg = Release|Any CPU
		{E15532A4-C44A-424F-B85D-EE957B648ED2}.Release|x86.Build.0 = Release|Any CPU
		{6C8D7E44-BB7B-462D-AEA6-E0F0E9F838E9}.Debug|Any CPU.ActiveCfg = Debug|Any CPU
		{6C8D7E44-BB7B-462D-AEA6-E0F0E9F838E9}.Debug|Any CPU.Build.0 = Debug|Any CPU
		{6C8D7E44-BB7B-462D-AEA6-E0F0E9F838E9}.Debug|x64.ActiveCfg = Debug|Any CPU
		{6C8D7E44-BB7B-462D-AEA6-E0F0E9F838E9}.Debug|x64.Build.0 = Debug|Any CPU
		{6C8D7E44-BB7B-462D-AEA6-E0F0E9F838E9}.Debug|x86.ActiveCfg = Debug|Any CPU
		{6C8D7E44-BB7B-462D-AEA6-E0F0E9F838E9}.Debug|x86.Build.0 = Debug|Any CPU
		{6C8D7E44-BB7B-462D-AEA6-E0F0E9F838E9}.Release|Any CPU.ActiveCfg = Release|Any CPU
		{6C8D7E44-BB7B-462D-AEA6-E0F0E9F838E9}.Release|Any CPU.Build.0 = Release|Any CPU
		{6C8D7E44-BB7B-462D-AEA6-E0F0E9F838E9}.Release|x64.ActiveCfg = Release|Any CPU
		{6C8D7E44-BB7B-462D-AEA6-E0F0E9F838E9}.Release|x64.Build.0 = Release|Any CPU
		{6C8D7E44-BB7B-462D-AEA6-E0F0E9F838E9}.Release|x86.ActiveCfg = Release|Any CPU
		{6C8D7E44-BB7B-462D-AEA6-E0F0E9F838E9}.Release|x86.Build.0 = Release|Any CPU
		{D927198A-179C-4F2A-ACC0-4746D3DCE043}.Debug|Any CPU.ActiveCfg = Debug|Any CPU
		{D927198A-179C-4F2A-ACC0-4746D3DCE043}.Debug|Any CPU.Build.0 = Debug|Any CPU
		{D927198A-179C-4F2A-ACC0-4746D3DCE043}.Debug|x64.ActiveCfg = Debug|Any CPU
		{D927198A-179C-4F2A-ACC0-4746D3DCE043}.Debug|x64.Build.0 = Debug|Any CPU
		{D927198A-179C-4F2A-ACC0-4746D3DCE043}.Debug|x86.ActiveCfg = Debug|Any CPU
		{D927198A-179C-4F2A-ACC0-4746D3DCE043}.Debug|x86.Build.0 = Debug|Any CPU
		{D927198A-179C-4F2A-ACC0-4746D3DCE043}.Release|Any CPU.ActiveCfg = Release|Any CPU
		{D927198A-179C-4F2A-ACC0-4746D3DCE043}.Release|Any CPU.Build.0 = Release|Any CPU
		{D927198A-179C-4F2A-ACC0-4746D3DCE043}.Release|x64.ActiveCfg = Release|Any CPU
		{D927198A-179C-4F2A-ACC0-4746D3DCE043}.Release|x64.Build.0 = Release|Any CPU
		{D927198A-179C-4F2A-ACC0-4746D3DCE043}.Release|x86.ActiveCfg = Release|Any CPU
		{D927198A-179C-4F2A-ACC0-4746D3DCE043}.Release|x86.Build.0 = Release|Any CPU
		{129A5F87-526B-41B7-A144-16FC17A35CEE}.Debug|Any CPU.ActiveCfg = Debug|Any CPU
		{129A5F87-526B-41B7-A144-16FC17A35CEE}.Debug|Any CPU.Build.0 = Debug|Any CPU
		{129A5F87-526B-41B7-A144-16FC17A35CEE}.Debug|x64.ActiveCfg = Debug|Any CPU
		{129A5F87-526B-41B7-A144-16FC17A35CEE}.Debug|x64.Build.0 = Debug|Any CPU
		{129A5F87-526B-41B7-A144-16FC17A35CEE}.Debug|x86.ActiveCfg = Debug|Any CPU
		{129A5F87-526B-41B7-A144-16FC17A35CEE}.Debug|x86.Build.0 = Debug|Any CPU
		{129A5F87-526B-41B7-A144-16FC17A35CEE}.Release|Any CPU.ActiveCfg = Release|Any CPU
		{129A5F87-526B-41B7-A144-16FC17A35CEE}.Release|Any CPU.Build.0 = Release|Any CPU
		{129A5F87-526B-41B7-A144-16FC17A35CEE}.Release|x64.ActiveCfg = Release|Any CPU
		{129A5F87-526B-41B7-A144-16FC17A35CEE}.Release|x64.Build.0 = Release|Any CPU
		{129A5F87-526B-41B7-A144-16FC17A35CEE}.Release|x86.ActiveCfg = Release|Any CPU
		{129A5F87-526B-41B7-A144-16FC17A35CEE}.Release|x86.Build.0 = Release|Any CPU
	EndGlobalSection
	GlobalSection(SolutionProperties) = preSolution
		HideSolutionNode = FALSE
	EndGlobalSection
	GlobalSection(NestedProjects) = preSolution
		{131A26C9-5267-4E3A-9E23-ABE695251C15} = {827E0CD3-B72D-47B6-A68D-7590B98EB39B}
		{17131F80-633E-4FF3-B848-AB127C386608} = {827E0CD3-B72D-47B6-A68D-7590B98EB39B}
		{287810E4-0C40-447F-BD77-18C5FA4B71B2} = {827E0CD3-B72D-47B6-A68D-7590B98EB39B}
		{D12A6623-457A-4BC5-AD9E-602C8DB78D21} = {827E0CD3-B72D-47B6-A68D-7590B98EB39B}
		{F1BF998D-4C0A-4BFA-84B5-727AE0E35655} = {827E0CD3-B72D-47B6-A68D-7590B98EB39B}
		{5C15A872-213A-4CDB-B5D6-20B78CDB1675} = {827E0CD3-B72D-47B6-A68D-7590B98EB39B}
		{E15532A4-C44A-424F-B85D-EE957B648ED2} = {827E0CD3-B72D-47B6-A68D-7590B98EB39B}
		{6C8D7E44-BB7B-462D-AEA6-E0F0E9F838E9} = {827E0CD3-B72D-47B6-A68D-7590B98EB39B}
		{D927198A-179C-4F2A-ACC0-4746D3DCE043} = {827E0CD3-B72D-47B6-A68D-7590B98EB39B}
		{129A5F87-526B-41B7-A144-16FC17A35CEE} = {827E0CD3-B72D-47B6-A68D-7590B98EB39B}
	EndGlobalSection
EndGlobal
